{
  "nodes": {
    "fishnet": {
      "flake": false,
      "locked": {
        "lastModified": 1696174902,
        "narHash": "sha256-tzkfyJZigLdf6FxulOOMLK5+Ji/l3fU6pSCAO9sfhV4=",
        "ref": "refs/heads/master",
        "rev": "b2dda4135ad6b5ffe1cc245bc671fdfdb8a0399a",
        "revCount": 1744,
        "submodules": true,
        "type": "git",
        "url": "https://github.com/lichess-org/fishnet"
      },
      "original": {
        "submodules": true,
        "type": "git",
        "url": "https://github.com/lichess-org/fishnet"
      }
    },
    "naersk": {
      "inputs": {
        "nixpkgs": "nixpkgs"
      },
      "locked": {
        "lastModified": 1694081375,
        "narHash": "sha256-vzJXOUnmkMCm3xw8yfPP5m8kypQ3BhAIRe4RRCWpzy8=",
        "owner": "nix-community",
        "repo": "naersk",
        "rev": "3f976d822b7b37fc6fb8e6f157c2dd05e7e94e89",
        "type": "github"
      },
      "original": {
        "owner": "nix-community",
        "ref": "master",
        "repo": "naersk",
        "type": "github"
      }
    },
    "nixpkgs": {
      "locked": {
        "lastModified": 1696419054,
        "narHash": "sha256-EdR+dIKCfqL3voZUDYwcvgRDOektQB9KbhBVcE0/3Mo=",
        "owner": "NixOS",
        "repo": "nixpkgs",
        "rev": "7131f3c223a2d799568e4b278380cd9dac2b8579",
        "type": "github"
      },
      "original": {
        "id": "nixpkgs",
        "type": "indirect"
      }
    },
    "nixpkgs_2": {
      "locked": {
        "lastModified": 1696419054,
        "narHash": "sha256-EdR+dIKCfqL3voZUDYwcvgRDOektQB9KbhBVcE0/3Mo=",
        "owner": "NixOS",
        "repo": "nixpkgs",
        "rev": "7131f3c223a2d799568e4b278380cd9dac2b8579",
        "type": "github"
      },
      "original": {
        "owner": "NixOS",
        "ref": "nixpkgs-unstable",
        "repo": "nixpkgs",
        "type": "github"
      }
    },
    "nnueNet": {
      "flake": false,
      "locked": {
        "narHash": "sha256-f4Hkdlu5emdGhnydh9N1JXyaYvDIeUPnsTBfPt1UpkY=",
        "type": "file",
        "url": "https://tests.stockfishchess.org/api/nn/nn-5af11540bbfe.nnue"
      },
      "original": {
        "type": "file",
        "url": "https://tests.stockfishchess.org/api/nn/nn-5af11540bbfe.nnue"
      }
    },
    "root": {
      "inputs": {
        "fishnet": "fishnet",
        "naersk": "naersk",
        "nixpkgs": "nixpkgs_2",
        "nnueNet": "nnueNet"
      }
    }
  },
  "root": "root",
  "version": 7
}
